// !$*UTF8*$!
{
	archiveVersion = 1;
	classes = {
	};
	objectVersion = 50;
	objects = {

/* Begin PBXBuildFile section */
		841BE9C3215480A400490899 /* ConfirmationViewController.swift in Sources */ = {isa = PBXBuildFile; fileRef = 841BE9C2215480A400490899 /* ConfirmationViewController.swift */; };
		843924052139985100F27D2C /* PatientHistoryList2TableViewCell.swift in Sources */ = {isa = PBXBuildFile; fileRef = 843924032139985100F27D2C /* PatientHistoryList2TableViewCell.swift */; };
		843AA1F62136D41B0073760A /* SignInViewController.swift in Sources */ = {isa = PBXBuildFile; fileRef = 843AA1F42136D41B0073760A /* SignInViewController.swift */; };
		843AA1FA2136E8990073760A /* PickPTViewController.swift in Sources */ = {isa = PBXBuildFile; fileRef = 843AA1F82136E8990073760A /* PickPTViewController.swift */; };
		843AA1FE2136ED140073760A /* PatientViewController.swift in Sources */ = {isa = PBXBuildFile; fileRef = 843AA1FC2136ED140073760A /* PatientViewController.swift */; };
		843B9940215B4B820009C8B3 /* Muli.ttf in Resources */ = {isa = PBXBuildFile; fileRef = 843B9936215B4B440009C8B3 /* Muli.ttf */; };
		843B9941215B4B820009C8B3 /* Muli-ExtraLightItalic.ttf in Resources */ = {isa = PBXBuildFile; fileRef = 843B9937215B4B4C0009C8B3 /* Muli-ExtraLightItalic.ttf */; };
		843B9942215B4B820009C8B3 /* Muli Light Italic.ttf in Resources */ = {isa = PBXBuildFile; fileRef = 843B9938215B4B4D0009C8B3 /* Muli Light Italic.ttf */; };
		843B9943215B4B820009C8B3 /* Muli-ExtraLight.ttf in Resources */ = {isa = PBXBuildFile; fileRef = 843B9939215B4B550009C8B3 /* Muli-ExtraLight.ttf */; };
		843B9944215B4B820009C8B3 /* Muli-SemiBold.ttf in Resources */ = {isa = PBXBuildFile; fileRef = 843B993A215B4B5D0009C8B3 /* Muli-SemiBold.ttf */; };
		843B9945215B4B820009C8B3 /* Muli-Semi-BoldItalic.ttf in Resources */ = {isa = PBXBuildFile; fileRef = 843B993B215B4B680009C8B3 /* Muli-Semi-BoldItalic.ttf */; };
		843B9946215B4B820009C8B3 /* Muli Italic.ttf in Resources */ = {isa = PBXBuildFile; fileRef = 843B993C215B4B680009C8B3 /* Muli Italic.ttf */; };
		843B9947215B4B820009C8B3 /* Muli-Bold.ttf in Resources */ = {isa = PBXBuildFile; fileRef = 843B993D215B4B700009C8B3 /* Muli-Bold.ttf */; };
		843B9948215B4B820009C8B3 /* Muli-BoldItalic.ttf in Resources */ = {isa = PBXBuildFile; fileRef = 843B993E215B4B780009C8B3 /* Muli-BoldItalic.ttf */; };
		843B9949215B4B820009C8B3 /* Muli Light.ttf in Resources */ = {isa = PBXBuildFile; fileRef = 843B993F215B4B810009C8B3 /* Muli Light.ttf */; };
		843DBD462137884300390065 /* HurtViewController.swift in Sources */ = {isa = PBXBuildFile; fileRef = 843DBD442137884300390065 /* HurtViewController.swift */; };
		843DBD4A2137946900390065 /* YourAccountViewController.swift in Sources */ = {isa = PBXBuildFile; fileRef = 843DBD482137946900390065 /* YourAccountViewController.swift */; };
		843DBD4E2137BEFB00390065 /* TherapistViewController.swift in Sources */ = {isa = PBXBuildFile; fileRef = 843DBD4C2137BEFB00390065 /* TherapistViewController.swift */; };
		843DBD522137CAD400390065 /* InboxViewController.swift in Sources */ = {isa = PBXBuildFile; fileRef = 843DBD502137CAD400390065 /* InboxViewController.swift */; };
		843DBD562137D2B000390065 /* MessageDetailViewController.swift in Sources */ = {isa = PBXBuildFile; fileRef = 843DBD542137D2B000390065 /* MessageDetailViewController.swift */; };
		843DBD5A2137DE2700390065 /* MessageListViewController.swift in Sources */ = {isa = PBXBuildFile; fileRef = 843DBD582137DE2700390065 /* MessageListViewController.swift */; };
		843DBD5E2137E2F200390065 /* PatientHistoryViewController.swift in Sources */ = {isa = PBXBuildFile; fileRef = 843DBD5C2137E2F200390065 /* PatientHistoryViewController.swift */; };
		843DBD66213818F600390065 /* PatientHistoryTableViewCell.swift in Sources */ = {isa = PBXBuildFile; fileRef = 843DBD64213818F600390065 /* PatientHistoryTableViewCell.swift */; };
		843DBD6A21381CB800390065 /* PatientHistoryList2ViewController.swift in Sources */ = {isa = PBXBuildFile; fileRef = 843DBD6821381CB800390065 /* PatientHistoryList2ViewController.swift */; };
		843DBD6E2138262800390065 /* PADetailViewController.swift in Sources */ = {isa = PBXBuildFile; fileRef = 843DBD6C2138262800390065 /* PADetailViewController.swift */; };
		843DBD7221383AAC00390065 /* PatientProfileViewController.swift in Sources */ = {isa = PBXBuildFile; fileRef = 843DBD7021383AAC00390065 /* PatientProfileViewController.swift */; };
		843DBD762138A61300390065 /* PatientScheduleViewController.swift in Sources */ = {isa = PBXBuildFile; fileRef = 843DBD742138A61300390065 /* PatientScheduleViewController.swift */; };
		843DBD7E2138C8B300390065 /* PatientSchedule2ViewController.swift in Sources */ = {isa = PBXBuildFile; fileRef = 843DBD7C2138C8B300390065 /* PatientSchedule2ViewController.swift */; };
		843DBD822138CD0200390065 /* PatientScheduleTableViewCell.swift in Sources */ = {isa = PBXBuildFile; fileRef = 843DBD802138CD0200390065 /* PatientScheduleTableViewCell.swift */; };
		844C88D22136AAFB0061A076 /* CreateAccount2ViewController.swift in Sources */ = {isa = PBXBuildFile; fileRef = 844C88D02136AAFB0061A076 /* CreateAccount2ViewController.swift */; };
		8467445721362F1A002E6694 /* BillingSheet1ViewController.swift in Sources */ = {isa = PBXBuildFile; fileRef = 8467445521362F1A002E6694 /* BillingSheet1ViewController.swift */; };
		8467445B213640EE002E6694 /* BillingSheet2ViewController.swift in Sources */ = {isa = PBXBuildFile; fileRef = 84674459213640EE002E6694 /* BillingSheet2ViewController.swift */; };
		8467445F21364294002E6694 /* BillingSheet3ViewController.swift in Sources */ = {isa = PBXBuildFile; fileRef = 8467445D21364294002E6694 /* BillingSheet3ViewController.swift */; };
		8467446321367F7C002E6694 /* CreateAccount1ViewController.swift in Sources */ = {isa = PBXBuildFile; fileRef = 8467446121367F7C002E6694 /* CreateAccount1ViewController.swift */; };
		84752C9D20BC681600EE23FD /* MainViewController.swift in Sources */ = {isa = PBXBuildFile; fileRef = 84752C9B20BC681600EE23FD /* MainViewController.swift */; };
		84752CA320BD873900EE23FD /* HistoryViewController.swift in Sources */ = {isa = PBXBuildFile; fileRef = 84752CA120BD873900EE23FD /* HistoryViewController.swift */; };
		84752CA720BD89C100EE23FD /* HelpViewController.swift in Sources */ = {isa = PBXBuildFile; fileRef = 84752CA520BD89C100EE23FD /* HelpViewController.swift */; };
		84752CAB20BD8E8800EE23FD /* HelpDetailViewController.swift in Sources */ = {isa = PBXBuildFile; fileRef = 84752CA920BD8E8800EE23FD /* HelpDetailViewController.swift */; };
		84752CAF20BD8F9A00EE23FD /* FoundTherapistViewController.swift in Sources */ = {isa = PBXBuildFile; fileRef = 84752CAD20BD8F9A00EE23FD /* FoundTherapistViewController.swift */; };
		84752CB220BD95AD00EE23FD /* PGNavigationController.swift in Sources */ = {isa = PBXBuildFile; fileRef = 84752CB120BD95AD00EE23FD /* PGNavigationController.swift */; };
		848A25E3213A7F8B003CBF8E /* Main.storyboard in Resources */ = {isa = PBXBuildFile; fileRef = 848A25E2213A7F8B003CBF8E /* Main.storyboard */; };
		848C83232142181D00C75860 /* RateViewController.swift in Sources */ = {isa = PBXBuildFile; fileRef = 848C83222142181D00C75860 /* RateViewController.swift */; };
		84BFFDAE20B89A3700D70E9F /* AppDelegate.swift in Sources */ = {isa = PBXBuildFile; fileRef = 84BFFDAD20B89A3700D70E9F /* AppDelegate.swift */; };
		84BFFDB020B89A3700D70E9F /* SideMenuViewController.swift in Sources */ = {isa = PBXBuildFile; fileRef = 84BFFDAF20B89A3700D70E9F /* SideMenuViewController.swift */; };
		84BFFDB520B89A3A00D70E9F /* Assets.xcassets in Resources */ = {isa = PBXBuildFile; fileRef = 84BFFDB420B89A3A00D70E9F /* Assets.xcassets */; };
		84BFFDB820B89A3A00D70E9F /* LaunchScreen.storyboard in Resources */ = {isa = PBXBuildFile; fileRef = 84BFFDB620B89A3A00D70E9F /* LaunchScreen.storyboard */; };
		84C758922155F4D9002C0AAB /* CircleImageView.swift in Sources */ = {isa = PBXBuildFile; fileRef = 84C758912155F4D9002C0AAB /* CircleImageView.swift */; };
		84D3927420BC264E00306D40 /* WelcomeViewController.swift in Sources */ = {isa = PBXBuildFile; fileRef = 84D3927220BC264E00306D40 /* WelcomeViewController.swift */; };
		84D3927820BC303C00306D40 /* PatientForm2ViewController.swift in Sources */ = {isa = PBXBuildFile; fileRef = 84D3927620BC303C00306D40 /* PatientForm2ViewController.swift */; };
		84D3927C20BC3DA100306D40 /* PatientForm1ViewController.swift in Sources */ = {isa = PBXBuildFile; fileRef = 84D3927A20BC3DA100306D40 /* PatientForm1ViewController.swift */; };
		DF6F0859D6B7F8DA18B7BF41 /* Pods_PACTGO.framework in Frameworks */ = {isa = PBXBuildFile; fileRef = 6C9248E4019CAFF3DEDFC740 /* Pods_PACTGO.framework */; };
		EC3C43D02152854A00D97163 /* MessageListTableViewCell.swift in Sources */ = {isa = PBXBuildFile; fileRef = EC3C43CF2152854A00D97163 /* MessageListTableViewCell.swift */; };
		EC4A524221535503009AF4A4 /* PatientHistoryMonthHeaderTableViewCell.swift in Sources */ = {isa = PBXBuildFile; fileRef = EC4A524121535503009AF4A4 /* PatientHistoryMonthHeaderTableViewCell.swift */; };
		EC4A524421537B3B009AF4A4 /* FindYourTherapistViewController.swift in Sources */ = {isa = PBXBuildFile; fileRef = EC4A524321537B3B009AF4A4 /* FindYourTherapistViewController.swift */; };
		ECD0F78F215230B6001A3969 /* SelectTimeTableViewCell.swift in Sources */ = {isa = PBXBuildFile; fileRef = ECD0F78E215230B6001A3969 /* SelectTimeTableViewCell.swift */; };
		ECD0F791215230DA001A3969 /* SelectDateCollectionViewCell.swift in Sources */ = {isa = PBXBuildFile; fileRef = ECD0F790215230DA001A3969 /* SelectDateCollectionViewCell.swift */; };
		ECD0F79621523391001A3969 /* SelectDateViewController.swift in Sources */ = {isa = PBXBuildFile; fileRef = ECD0F79521523391001A3969 /* SelectDateViewController.swift */; };
		ECD0F798215233A7001A3969 /* SelectTimeViewController.swift in Sources */ = {isa = PBXBuildFile; fileRef = ECD0F797215233A7001A3969 /* SelectTimeViewController.swift */; };
		ECD0F79B2152415B001A3969 /* CalendarExtension.swift in Sources */ = {isa = PBXBuildFile; fileRef = ECD0F79A2152415B001A3969 /* CalendarExtension.swift */; };
		ECD0F79D2152419A001A3969 /* MonthDate.swift in Sources */ = {isa = PBXBuildFile; fileRef = ECD0F79C2152419A001A3969 /* MonthDate.swift */; };
		ECD42E28215321C000376490 /* PatientScheduleCollectionViewCell.swift in Sources */ = {isa = PBXBuildFile; fileRef = ECD42E27215321C000376490 /* PatientScheduleCollectionViewCell.swift */; };
		ECD42E2A21533CD200376490 /* PatientScheduleHeaderTableViewCell.swift in Sources */ = {isa = PBXBuildFile; fileRef = ECD42E2921533CD200376490 /* PatientScheduleHeaderTableViewCell.swift */; };
/* End PBXBuildFile section */

/* Begin PBXFileReference section */
		6C9248E4019CAFF3DEDFC740 /* Pods_PACTGO.framework */ = {isa = PBXFileReference; explicitFileType = wrapper.framework; includeInIndex = 0; path = Pods_PACTGO.framework; sourceTree = BUILT_PRODUCTS_DIR; };
		841BE9C2215480A400490899 /* ConfirmationViewController.swift */ = {isa = PBXFileReference; lastKnownFileType = sourcecode.swift; path = ConfirmationViewController.swift; sourceTree = "<group>"; };
		843924032139985100F27D2C /* PatientHistoryList2TableViewCell.swift */ = {isa = PBXFileReference; lastKnownFileType = sourcecode.swift; path = PatientHistoryList2TableViewCell.swift; sourceTree = "<group>"; };
		843AA1F42136D41B0073760A /* SignInViewController.swift */ = {isa = PBXFileReference; lastKnownFileType = sourcecode.swift; path = SignInViewController.swift; sourceTree = "<group>"; };
		843AA1F82136E8990073760A /* PickPTViewController.swift */ = {isa = PBXFileReference; lastKnownFileType = sourcecode.swift; path = PickPTViewController.swift; sourceTree = "<group>"; };
		843AA1FC2136ED140073760A /* PatientViewController.swift */ = {isa = PBXFileReference; lastKnownFileType = sourcecode.swift; path = PatientViewController.swift; sourceTree = "<group>"; };
		843B9936215B4B440009C8B3 /* Muli.ttf */ = {isa = PBXFileReference; lastKnownFileType = file; path = Muli.ttf; sourceTree = "<group>"; };
		843B9937215B4B4C0009C8B3 /* Muli-ExtraLightItalic.ttf */ = {isa = PBXFileReference; lastKnownFileType = file; path = "Muli-ExtraLightItalic.ttf"; sourceTree = "<group>"; };
		843B9938215B4B4D0009C8B3 /* Muli Light Italic.ttf */ = {isa = PBXFileReference; lastKnownFileType = file; path = "Muli Light Italic.ttf"; sourceTree = "<group>"; };
		843B9939215B4B550009C8B3 /* Muli-ExtraLight.ttf */ = {isa = PBXFileReference; lastKnownFileType = file; path = "Muli-ExtraLight.ttf"; sourceTree = "<group>"; };
		843B993A215B4B5D0009C8B3 /* Muli-SemiBold.ttf */ = {isa = PBXFileReference; lastKnownFileType = file; path = "Muli-SemiBold.ttf"; sourceTree = "<group>"; };
		843B993B215B4B680009C8B3 /* Muli-Semi-BoldItalic.ttf */ = {isa = PBXFileReference; lastKnownFileType = file; path = "Muli-Semi-BoldItalic.ttf"; sourceTree = "<group>"; };
		843B993C215B4B680009C8B3 /* Muli Italic.ttf */ = {isa = PBXFileReference; lastKnownFileType = file; path = "Muli Italic.ttf"; sourceTree = "<group>"; };
		843B993D215B4B700009C8B3 /* Muli-Bold.ttf */ = {isa = PBXFileReference; lastKnownFileType = file; path = "Muli-Bold.ttf"; sourceTree = "<group>"; };
		843B993E215B4B780009C8B3 /* Muli-BoldItalic.ttf */ = {isa = PBXFileReference; lastKnownFileType = file; path = "Muli-BoldItalic.ttf"; sourceTree = "<group>"; };
		843B993F215B4B810009C8B3 /* Muli Light.ttf */ = {isa = PBXFileReference; lastKnownFileType = file; path = "Muli Light.ttf"; sourceTree = "<group>"; };
		843DBD442137884300390065 /* HurtViewController.swift */ = {isa = PBXFileReference; lastKnownFileType = sourcecode.swift; path = HurtViewController.swift; sourceTree = "<group>"; };
		843DBD482137946900390065 /* YourAccountViewController.swift */ = {isa = PBXFileReference; lastKnownFileType = sourcecode.swift; path = YourAccountViewController.swift; sourceTree = "<group>"; };
		843DBD4C2137BEFB00390065 /* TherapistViewController.swift */ = {isa = PBXFileReference; lastKnownFileType = sourcecode.swift; path = TherapistViewController.swift; sourceTree = "<group>"; };
		843DBD502137CAD400390065 /* InboxViewController.swift */ = {isa = PBXFileReference; lastKnownFileType = sourcecode.swift; path = InboxViewController.swift; sourceTree = "<group>"; };
		843DBD542137D2B000390065 /* MessageDetailViewController.swift */ = {isa = PBXFileReference; lastKnownFileType = sourcecode.swift; path = MessageDetailViewController.swift; sourceTree = "<group>"; };
		843DBD582137DE2700390065 /* MessageListViewController.swift */ = {isa = PBXFileReference; lastKnownFileType = sourcecode.swift; path = MessageListViewController.swift; sourceTree = "<group>"; };
		843DBD5C2137E2F200390065 /* PatientHistoryViewController.swift */ = {isa = PBXFileReference; lastKnownFileType = sourcecode.swift; path = PatientHistoryViewController.swift; sourceTree = "<group>"; };
		843DBD64213818F600390065 /* PatientHistoryTableViewCell.swift */ = {isa = PBXFileReference; lastKnownFileType = sourcecode.swift; path = PatientHistoryTableViewCell.swift; sourceTree = "<group>"; };
		843DBD6821381CB800390065 /* PatientHistoryList2ViewController.swift */ = {isa = PBXFileReference; lastKnownFileType = sourcecode.swift; path = PatientHistoryList2ViewController.swift; sourceTree = "<group>"; };
		843DBD6C2138262800390065 /* PADetailViewController.swift */ = {isa = PBXFileReference; lastKnownFileType = sourcecode.swift; path = PADetailViewController.swift; sourceTree = "<group>"; };
		843DBD7021383AAC00390065 /* PatientProfileViewController.swift */ = {isa = PBXFileReference; lastKnownFileType = sourcecode.swift; path = PatientProfileViewController.swift; sourceTree = "<group>"; };
		843DBD742138A61300390065 /* PatientScheduleViewController.swift */ = {isa = PBXFileReference; lastKnownFileType = sourcecode.swift; path = PatientScheduleViewController.swift; sourceTree = "<group>"; };
		843DBD7C2138C8B300390065 /* PatientSchedule2ViewController.swift */ = {isa = PBXFileReference; lastKnownFileType = sourcecode.swift; path = PatientSchedule2ViewController.swift; sourceTree = "<group>"; };
		843DBD802138CD0200390065 /* PatientScheduleTableViewCell.swift */ = {isa = PBXFileReference; lastKnownFileType = sourcecode.swift; path = PatientScheduleTableViewCell.swift; sourceTree = "<group>"; };
		844C88D02136AAFB0061A076 /* CreateAccount2ViewController.swift */ = {isa = PBXFileReference; lastKnownFileType = sourcecode.swift; path = CreateAccount2ViewController.swift; sourceTree = "<group>"; };
		8467445521362F1A002E6694 /* BillingSheet1ViewController.swift */ = {isa = PBXFileReference; lastKnownFileType = sourcecode.swift; path = BillingSheet1ViewController.swift; sourceTree = "<group>"; };
		84674459213640EE002E6694 /* BillingSheet2ViewController.swift */ = {isa = PBXFileReference; lastKnownFileType = sourcecode.swift; path = BillingSheet2ViewController.swift; sourceTree = "<group>"; };
		8467445D21364294002E6694 /* BillingSheet3ViewController.swift */ = {isa = PBXFileReference; lastKnownFileType = sourcecode.swift; path = BillingSheet3ViewController.swift; sourceTree = "<group>"; };
		8467446121367F7C002E6694 /* CreateAccount1ViewController.swift */ = {isa = PBXFileReference; lastKnownFileType = sourcecode.swift; path = CreateAccount1ViewController.swift; sourceTree = "<group>"; };
		84752C9B20BC681600EE23FD /* MainViewController.swift */ = {isa = PBXFileReference; lastKnownFileType = sourcecode.swift; path = MainViewController.swift; sourceTree = "<group>"; };
		84752CA120BD873900EE23FD /* HistoryViewController.swift */ = {isa = PBXFileReference; lastKnownFileType = sourcecode.swift; path = HistoryViewController.swift; sourceTree = "<group>"; };
		84752CA520BD89C100EE23FD /* HelpViewController.swift */ = {isa = PBXFileReference; lastKnownFileType = sourcecode.swift; path = HelpViewController.swift; sourceTree = "<group>"; };
		84752CA920BD8E8800EE23FD /* HelpDetailViewController.swift */ = {isa = PBXFileReference; lastKnownFileType = sourcecode.swift; path = HelpDetailViewController.swift; sourceTree = "<group>"; };
		84752CAD20BD8F9A00EE23FD /* FoundTherapistViewController.swift */ = {isa = PBXFileReference; lastKnownFileType = sourcecode.swift; path = FoundTherapistViewController.swift; sourceTree = "<group>"; };
		84752CB120BD95AD00EE23FD /* PGNavigationController.swift */ = {isa = PBXFileReference; lastKnownFileType = sourcecode.swift; path = PGNavigationController.swift; sourceTree = "<group>"; };
		848A25E2213A7F8B003CBF8E /* Main.storyboard */ = {isa = PBXFileReference; lastKnownFileType = file.storyboard; path = Main.storyboard; sourceTree = "<group>"; };
		848C83222142181D00C75860 /* RateViewController.swift */ = {isa = PBXFileReference; lastKnownFileType = sourcecode.swift; path = RateViewController.swift; sourceTree = "<group>"; };
		84BFFDAA20B89A3600D70E9F /* PACTGO.app */ = {isa = PBXFileReference; explicitFileType = wrapper.application; includeInIndex = 0; path = PACTGO.app; sourceTree = BUILT_PRODUCTS_DIR; };
		84BFFDAD20B89A3700D70E9F /* AppDelegate.swift */ = {isa = PBXFileReference; lastKnownFileType = sourcecode.swift; path = AppDelegate.swift; sourceTree = "<group>"; };
		84BFFDAF20B89A3700D70E9F /* SideMenuViewController.swift */ = {isa = PBXFileReference; lastKnownFileType = sourcecode.swift; path = SideMenuViewController.swift; sourceTree = "<group>"; };
		84BFFDB420B89A3A00D70E9F /* Assets.xcassets */ = {isa = PBXFileReference; lastKnownFileType = folder.assetcatalog; path = Assets.xcassets; sourceTree = "<group>"; };
		84BFFDB720B89A3A00D70E9F /* Base */ = {isa = PBXFileReference; lastKnownFileType = file.storyboard; name = Base; path = Base.lproj/LaunchScreen.storyboard; sourceTree = "<group>"; };
		84BFFDB920B89A3A00D70E9F /* Info.plist */ = {isa = PBXFileReference; lastKnownFileType = text.plist.xml; path = Info.plist; sourceTree = "<group>"; };
		84C758912155F4D9002C0AAB /* CircleImageView.swift */ = {isa = PBXFileReference; fileEncoding = 4; lastKnownFileType = sourcecode.swift; name = CircleImageView.swift; path = PACTGO/CustomView/CircleImageView.swift; sourceTree = SOURCE_ROOT; };
		84D3927220BC264E00306D40 /* WelcomeViewController.swift */ = {isa = PBXFileReference; lastKnownFileType = sourcecode.swift; path = WelcomeViewController.swift; sourceTree = "<group>"; };
		84D3927620BC303C00306D40 /* PatientForm2ViewController.swift */ = {isa = PBXFileReference; lastKnownFileType = sourcecode.swift; path = PatientForm2ViewController.swift; sourceTree = "<group>"; };
		84D3927A20BC3DA100306D40 /* PatientForm1ViewController.swift */ = {isa = PBXFileReference; lastKnownFileType = sourcecode.swift; path = PatientForm1ViewController.swift; sourceTree = "<group>"; };
		D720C7D7AEFD6F62EB2240E7 /* Pods-PACTGO.debug.xcconfig */ = {isa = PBXFileReference; includeInIndex = 1; lastKnownFileType = text.xcconfig; name = "Pods-PACTGO.debug.xcconfig"; path = "Pods/Target Support Files/Pods-PACTGO/Pods-PACTGO.debug.xcconfig"; sourceTree = "<group>"; };
		EC3C43CF2152854A00D97163 /* MessageListTableViewCell.swift */ = {isa = PBXFileReference; lastKnownFileType = sourcecode.swift; path = MessageListTableViewCell.swift; sourceTree = "<group>"; };
		EC4A524121535503009AF4A4 /* PatientHistoryMonthHeaderTableViewCell.swift */ = {isa = PBXFileReference; lastKnownFileType = sourcecode.swift; path = PatientHistoryMonthHeaderTableViewCell.swift; sourceTree = "<group>"; };
		EC4A524321537B3B009AF4A4 /* FindYourTherapistViewController.swift */ = {isa = PBXFileReference; lastKnownFileType = sourcecode.swift; path = FindYourTherapistViewController.swift; sourceTree = "<group>"; };
		ECD0F78E215230B6001A3969 /* SelectTimeTableViewCell.swift */ = {isa = PBXFileReference; lastKnownFileType = sourcecode.swift; path = SelectTimeTableViewCell.swift; sourceTree = "<group>"; };
		ECD0F790215230DA001A3969 /* SelectDateCollectionViewCell.swift */ = {isa = PBXFileReference; lastKnownFileType = sourcecode.swift; path = SelectDateCollectionViewCell.swift; sourceTree = "<group>"; };
		ECD0F79521523391001A3969 /* SelectDateViewController.swift */ = {isa = PBXFileReference; lastKnownFileType = sourcecode.swift; path = SelectDateViewController.swift; sourceTree = "<group>"; };
		ECD0F797215233A7001A3969 /* SelectTimeViewController.swift */ = {isa = PBXFileReference; lastKnownFileType = sourcecode.swift; path = SelectTimeViewController.swift; sourceTree = "<group>"; };
		ECD0F79A2152415B001A3969 /* CalendarExtension.swift */ = {isa = PBXFileReference; lastKnownFileType = sourcecode.swift; path = CalendarExtension.swift; sourceTree = "<group>"; };
		ECD0F79C2152419A001A3969 /* MonthDate.swift */ = {isa = PBXFileReference; lastKnownFileType = sourcecode.swift; path = MonthDate.swift; sourceTree = "<group>"; };
		ECD42E27215321C000376490 /* PatientScheduleCollectionViewCell.swift */ = {isa = PBXFileReference; lastKnownFileType = sourcecode.swift; path = PatientScheduleCollectionViewCell.swift; sourceTree = "<group>"; };
		ECD42E2921533CD200376490 /* PatientScheduleHeaderTableViewCell.swift */ = {isa = PBXFileReference; lastKnownFileType = sourcecode.swift; path = PatientScheduleHeaderTableViewCell.swift; sourceTree = "<group>"; };
		F70A69A3D387ED0FC49DA0C4 /* Pods-PACTGO.release.xcconfig */ = {isa = PBXFileReference; includeInIndex = 1; lastKnownFileType = text.xcconfig; name = "Pods-PACTGO.release.xcconfig"; path = "Pods/Target Support Files/Pods-PACTGO/Pods-PACTGO.release.xcconfig"; sourceTree = "<group>"; };
/* End PBXFileReference section */

/* Begin PBXFrameworksBuildPhase section */
		84BFFDA720B89A3600D70E9F /* Frameworks */ = {
			isa = PBXFrameworksBuildPhase;
			buildActionMask = 2147483647;
			files = (
				DF6F0859D6B7F8DA18B7BF41 /* Pods_PACTGO.framework in Frameworks */,
			);
			runOnlyForDeploymentPostprocessing = 0;
		};
/* End PBXFrameworksBuildPhase section */

/* Begin PBXGroup section */
		2D25C3E329F0C6C4A77FC215 /* Frameworks */ = {
			isa = PBXGroup;
			children = (
				6C9248E4019CAFF3DEDFC740 /* Pods_PACTGO.framework */,
			);
			name = Frameworks;
			sourceTree = "<group>";
		};
		476DA2ECCD9AA7D64844620E /* Pods */ = {
			isa = PBXGroup;
			children = (
				D720C7D7AEFD6F62EB2240E7 /* Pods-PACTGO.debug.xcconfig */,
				F70A69A3D387ED0FC49DA0C4 /* Pods-PACTGO.release.xcconfig */,
			);
			name = Pods;
			sourceTree = "<group>";
		};
		843B9934215B4B1E0009C8B3 /* Resources */ = {
			isa = PBXGroup;
			children = (
				843B9935215B4B280009C8B3 /* Fonts */,
			);
			path = Resources;
			sourceTree = "<group>";
		};
		843B9935215B4B280009C8B3 /* Fonts */ = {
			isa = PBXGroup;
			children = (
				843B993C215B4B680009C8B3 /* Muli Italic.ttf */,
				843B9938215B4B4D0009C8B3 /* Muli Light Italic.ttf */,
				843B993F215B4B810009C8B3 /* Muli Light.ttf */,
				843B993D215B4B700009C8B3 /* Muli-Bold.ttf */,
				843B993E215B4B780009C8B3 /* Muli-BoldItalic.ttf */,
				843B9939215B4B550009C8B3 /* Muli-ExtraLight.ttf */,
				843B9937215B4B4C0009C8B3 /* Muli-ExtraLightItalic.ttf */,
				843B993B215B4B680009C8B3 /* Muli-Semi-BoldItalic.ttf */,
				843B993A215B4B5D0009C8B3 /* Muli-SemiBold.ttf */,
				843B9936215B4B440009C8B3 /* Muli.ttf */,
			);
			path = Fonts;
			sourceTree = "<group>";
		};
		848A25E4213A897F003CBF8E /* ViewControllers */ = {
			isa = PBXGroup;
			children = (
				84D3927220BC264E00306D40 /* WelcomeViewController.swift */,
				84D3927620BC303C00306D40 /* PatientForm2ViewController.swift */,
				84BFFDAF20B89A3700D70E9F /* SideMenuViewController.swift */,
				84D3927A20BC3DA100306D40 /* PatientForm1ViewController.swift */,
				84752C9B20BC681600EE23FD /* MainViewController.swift */,
				84752CA120BD873900EE23FD /* HistoryViewController.swift */,
				84752CA520BD89C100EE23FD /* HelpViewController.swift */,
				844C88D02136AAFB0061A076 /* CreateAccount2ViewController.swift */,
				84752CA920BD8E8800EE23FD /* HelpDetailViewController.swift */,
				84752CAD20BD8F9A00EE23FD /* FoundTherapistViewController.swift */,
				84752CB120BD95AD00EE23FD /* PGNavigationController.swift */,
				8467445521362F1A002E6694 /* BillingSheet1ViewController.swift */,
				84674459213640EE002E6694 /* BillingSheet2ViewController.swift */,
				8467445D21364294002E6694 /* BillingSheet3ViewController.swift */,
				8467446121367F7C002E6694 /* CreateAccount1ViewController.swift */,
				843AA1F42136D41B0073760A /* SignInViewController.swift */,
				843AA1F82136E8990073760A /* PickPTViewController.swift */,
				843AA1FC2136ED140073760A /* PatientViewController.swift */,
				843DBD442137884300390065 /* HurtViewController.swift */,
				843DBD482137946900390065 /* YourAccountViewController.swift */,
				843DBD4C2137BEFB00390065 /* TherapistViewController.swift */,
				843DBD502137CAD400390065 /* InboxViewController.swift */,
				843DBD542137D2B000390065 /* MessageDetailViewController.swift */,
				843DBD582137DE2700390065 /* MessageListViewController.swift */,
				843DBD5C2137E2F200390065 /* PatientHistoryViewController.swift */,
				843DBD6821381CB800390065 /* PatientHistoryList2ViewController.swift */,
				843DBD6C2138262800390065 /* PADetailViewController.swift */,
				843DBD7021383AAC00390065 /* PatientProfileViewController.swift */,
				843DBD742138A61300390065 /* PatientScheduleViewController.swift */,
				843DBD7C2138C8B300390065 /* PatientSchedule2ViewController.swift */,
				848C83222142181D00C75860 /* RateViewController.swift */,
				ECD0F79521523391001A3969 /* SelectDateViewController.swift */,
				ECD0F797215233A7001A3969 /* SelectTimeViewController.swift */,
				EC4A524321537B3B009AF4A4 /* FindYourTherapistViewController.swift */,
				841BE9C2215480A400490899 /* ConfirmationViewController.swift */,
			);
			path = ViewControllers;
			sourceTree = "<group>";
		};
		848A25E5213A8AEE003CBF8E /* Storyboards */ = {
			isa = PBXGroup;
			children = (
				84BFFDB620B89A3A00D70E9F /* LaunchScreen.storyboard */,
				848A25E2213A7F8B003CBF8E /* Main.storyboard */,
			);
			path = Storyboards;
			sourceTree = "<group>";
		};
		848A25E6213A8B1C003CBF8E /* ViewModels */ = {
			isa = PBXGroup;
			children = (
				843DBD64213818F600390065 /* PatientHistoryTableViewCell.swift */,
				EC4A524121535503009AF4A4 /* PatientHistoryMonthHeaderTableViewCell.swift */,
				843924032139985100F27D2C /* PatientHistoryList2TableViewCell.swift */,
				843DBD802138CD0200390065 /* PatientScheduleTableViewCell.swift */,
				ECD0F78E215230B6001A3969 /* SelectTimeTableViewCell.swift */,
				ECD0F790215230DA001A3969 /* SelectDateCollectionViewCell.swift */,
				EC3C43CF2152854A00D97163 /* MessageListTableViewCell.swift */,
				ECD42E27215321C000376490 /* PatientScheduleCollectionViewCell.swift */,
				ECD42E2921533CD200376490 /* PatientScheduleHeaderTableViewCell.swift */,
			);
			path = ViewModels;
			sourceTree = "<group>";
		};
		84BFFDA120B89A3600D70E9F = {
			isa = PBXGroup;
			children = (
				84BFFDAC20B89A3700D70E9F /* PACTGO */,
				84BFFDAB20B89A3600D70E9F /* Products */,
				476DA2ECCD9AA7D64844620E /* Pods */,
				2D25C3E329F0C6C4A77FC215 /* Frameworks */,
			);
			sourceTree = "<group>";
		};
		84BFFDAB20B89A3600D70E9F /* Products */ = {
			isa = PBXGroup;
			children = (
				84BFFDAA20B89A3600D70E9F /* PACTGO.app */,
			);
			name = Products;
			sourceTree = "<group>";
		};
		84BFFDAC20B89A3700D70E9F /* PACTGO */ = {
			isa = PBXGroup;
			children = (
				843B9934215B4B1E0009C8B3 /* Resources */,
				84C758902155F4CB002C0AAB /* CustomView */,
				ECD0F7992152413F001A3969 /* Extension */,
				848A25E6213A8B1C003CBF8E /* ViewModels */,
				848A25E4213A897F003CBF8E /* ViewControllers */,
				848A25E5213A8AEE003CBF8E /* Storyboards */,
				84BFFDAD20B89A3700D70E9F /* AppDelegate.swift */,
				84BFFDB420B89A3A00D70E9F /* Assets.xcassets */,
				84BFFDB920B89A3A00D70E9F /* Info.plist */,
			);
			path = PACTGO;
			sourceTree = "<group>";
		};
		84C758902155F4CB002C0AAB /* CustomView */ = {
			isa = PBXGroup;
			children = (
				84C758912155F4D9002C0AAB /* CircleImageView.swift */,
			);
			name = CustomView;
			path = "New Group";
			sourceTree = "<group>";
		};
		ECD0F7992152413F001A3969 /* Extension */ = {
			isa = PBXGroup;
			children = (
				ECD0F79A2152415B001A3969 /* CalendarExtension.swift */,
				ECD0F79C2152419A001A3969 /* MonthDate.swift */,
			);
			path = Extension;
			sourceTree = "<group>";
		};
/* End PBXGroup section */

/* Begin PBXNativeTarget section */
		84BFFDA920B89A3600D70E9F /* PACTGO */ = {
			isa = PBXNativeTarget;
			buildConfigurationList = 84BFFDBC20B89A3A00D70E9F /* Build configuration list for PBXNativeTarget "PACTGO" */;
			buildPhases = (
				B9B1FEE5ADDC716432CE8A96 /* [CP] Check Pods Manifest.lock */,
				84BFFDA620B89A3600D70E9F /* Sources */,
				84BFFDA720B89A3600D70E9F /* Frameworks */,
				84BFFDA820B89A3600D70E9F /* Resources */,
				E442B8E0D77310C69129540F /* [CP] Embed Pods Frameworks */,
			);
			buildRules = (
			);
			dependencies = (
			);
			name = PACTGO;
			productName = PACTGO;
			productReference = 84BFFDAA20B89A3600D70E9F /* PACTGO.app */;
			productType = "com.apple.product-type.application";
		};
/* End PBXNativeTarget section */

/* Begin PBXProject section */
		84BFFDA220B89A3600D70E9F /* Project object */ = {
			isa = PBXProject;
			attributes = {
				LastSwiftUpdateCheck = 0930;
				LastUpgradeCheck = 0930;
				ORGANIZATIONNAME = PACTGO;
				TargetAttributes = {
					84BFFDA920B89A3600D70E9F = {
						CreatedOnToolsVersion = 9.3;
					};
				};
			};
			buildConfigurationList = 84BFFDA520B89A3600D70E9F /* Build configuration list for PBXProject "PACTGO" */;
			compatibilityVersion = "Xcode 9.3";
			developmentRegion = en;
			hasScannedForEncodings = 0;
			knownRegions = (
				en,
				Base,
			);
			mainGroup = 84BFFDA120B89A3600D70E9F;
			productRefGroup = 84BFFDAB20B89A3600D70E9F /* Products */;
			projectDirPath = "";
			projectRoot = "";
			targets = (
				84BFFDA920B89A3600D70E9F /* PACTGO */,
			);
		};
/* End PBXProject section */

/* Begin PBXResourcesBuildPhase section */
		84BFFDA820B89A3600D70E9F /* Resources */ = {
			isa = PBXResourcesBuildPhase;
			buildActionMask = 2147483647;
			files = (
				843B9944215B4B820009C8B3 /* Muli-SemiBold.ttf in Resources */,
				843B9943215B4B820009C8B3 /* Muli-ExtraLight.ttf in Resources */,
				843B9942215B4B820009C8B3 /* Muli Light Italic.ttf in Resources */,
				843B9945215B4B820009C8B3 /* Muli-Semi-BoldItalic.ttf in Resources */,
				843B9946215B4B820009C8B3 /* Muli Italic.ttf in Resources */,
				84BFFDB820B89A3A00D70E9F /* LaunchScreen.storyboard in Resources */,
				843B9948215B4B820009C8B3 /* Muli-BoldItalic.ttf in Resources */,
				84BFFDB520B89A3A00D70E9F /* Assets.xcassets in Resources */,
				843B9949215B4B820009C8B3 /* Muli Light.ttf in Resources */,
				843B9941215B4B820009C8B3 /* Muli-ExtraLightItalic.ttf in Resources */,
				843B9947215B4B820009C8B3 /* Muli-Bold.ttf in Resources */,
				848A25E3213A7F8B003CBF8E /* Main.storyboard in Resources */,
				843B9940215B4B820009C8B3 /* Muli.ttf in Resources */,
			);
			runOnlyForDeploymentPostprocessing = 0;
		};
/* End PBXResourcesBuildPhase section */

/* Begin PBXShellScriptBuildPhase section */
		B9B1FEE5ADDC716432CE8A96 /* [CP] Check Pods Manifest.lock */ = {
			isa = PBXShellScriptBuildPhase;
			buildActionMask = 2147483647;
			files = (
			);
			inputPaths = (
				"${PODS_PODFILE_DIR_PATH}/Podfile.lock",
				"${PODS_ROOT}/Manifest.lock",
			);
			name = "[CP] Check Pods Manifest.lock";
			outputPaths = (
				"$(DERIVED_FILE_DIR)/Pods-PACTGO-checkManifestLockResult.txt",
			);
			runOnlyForDeploymentPostprocessing = 0;
			shellPath = /bin/sh;
			shellScript = "diff \"${PODS_PODFILE_DIR_PATH}/Podfile.lock\" \"${PODS_ROOT}/Manifest.lock\" > /dev/null\nif [ $? != 0 ] ; then\n    # print error to STDERR\n    echo \"error: The sandbox is not in sync with the Podfile.lock. Run 'pod install' or update your CocoaPods installation.\" >&2\n    exit 1\nfi\n# This output is used by Xcode 'outputs' to avoid re-running this script phase.\necho \"SUCCESS\" > \"${SCRIPT_OUTPUT_FILE_0}\"\n";
			showEnvVarsInLog = 0;
		};
		E442B8E0D77310C69129540F /* [CP] Embed Pods Frameworks */ = {
			isa = PBXShellScriptBuildPhase;
			buildActionMask = 2147483647;
			files = (
			);
			inputPaths = (
				"${SRCROOT}/Pods/Target Support Files/Pods-PACTGO/Pods-PACTGO-frameworks.sh",
				"${BUILT_PRODUCTS_DIR}/AZTabBar/AZTabBar.framework",
				"${BUILT_PRODUCTS_DIR}/Cosmos/Cosmos.framework",
				"${BUILT_PRODUCTS_DIR}/EasyNotificationBadge/EasyNotificationBadge.framework",
				"${BUILT_PRODUCTS_DIR}/IQKeyboardManagerSwift/IQKeyboardManagerSwift.framework",
				"${BUILT_PRODUCTS_DIR}/SideMenuSwift/SideMenuSwift.framework",
			);
			name = "[CP] Embed Pods Frameworks";
			outputPaths = (
				"${TARGET_BUILD_DIR}/${FRAMEWORKS_FOLDER_PATH}/AZTabBar.framework",
				"${TARGET_BUILD_DIR}/${FRAMEWORKS_FOLDER_PATH}/Cosmos.framework",
				"${TARGET_BUILD_DIR}/${FRAMEWORKS_FOLDER_PATH}/EasyNotificationBadge.framework",
				"${TARGET_BUILD_DIR}/${FRAMEWORKS_FOLDER_PATH}/IQKeyboardManagerSwift.framework",
				"${TARGET_BUILD_DIR}/${FRAMEWORKS_FOLDER_PATH}/SideMenuSwift.framework",
			);
			runOnlyForDeploymentPostprocessing = 0;
			shellPath = /bin/sh;
			shellScript = "\"${SRCROOT}/Pods/Target Support Files/Pods-PACTGO/Pods-PACTGO-frameworks.sh\"\n";
			showEnvVarsInLog = 0;
		};
/* End PBXShellScriptBuildPhase section */

/* Begin PBXSourcesBuildPhase section */
		84BFFDA620B89A3600D70E9F /* Sources */ = {
			isa = PBXSourcesBuildPhase;
			buildActionMask = 2147483647;
			files = (
				8467446321367F7C002E6694 /* CreateAccount1ViewController.swift in Sources */,
				843DBD4E2137BEFB00390065 /* TherapistViewController.swift in Sources */,
				84752CAB20BD8E8800EE23FD /* HelpDetailViewController.swift in Sources */,
				843DBD5E2137E2F200390065 /* PatientHistoryViewController.swift in Sources */,
				843DBD522137CAD400390065 /* InboxViewController.swift in Sources */,
				84D3927420BC264E00306D40 /* WelcomeViewController.swift in Sources */,
				841BE9C3215480A400490899 /* ConfirmationViewController.swift in Sources */,
				84BFFDB020B89A3700D70E9F /* SideMenuViewController.swift in Sources */,
				843DBD5A2137DE2700390065 /* MessageListViewController.swift in Sources */,
				84D3927C20BC3DA100306D40 /* PatientForm1ViewController.swift in Sources */,
				ECD0F791215230DA001A3969 /* SelectDateCollectionViewCell.swift in Sources */,
				84752CA720BD89C100EE23FD /* HelpViewController.swift in Sources */,
				843DBD7221383AAC00390065 /* PatientProfileViewController.swift in Sources */,
				ECD0F79D2152419A001A3969 /* MonthDate.swift in Sources */,
				843DBD66213818F600390065 /* PatientHistoryTableViewCell.swift in Sources */,
				ECD42E28215321C000376490 /* PatientScheduleCollectionViewCell.swift in Sources */,
				84752CB220BD95AD00EE23FD /* PGNavigationController.swift in Sources */,
				843DBD7E2138C8B300390065 /* PatientSchedule2ViewController.swift in Sources */,
				EC4A524221535503009AF4A4 /* PatientHistoryMonthHeaderTableViewCell.swift in Sources */,
				843AA1FA2136E8990073760A /* PickPTViewController.swift in Sources */,
				843AA1F62136D41B0073760A /* SignInViewController.swift in Sources */,
				ECD0F798215233A7001A3969 /* SelectTimeViewController.swift in Sources */,
				848C83232142181D00C75860 /* RateViewController.swift in Sources */,
				EC4A524421537B3B009AF4A4 /* FindYourTherapistViewController.swift in Sources */,
				ECD42E2A21533CD200376490 /* PatientScheduleHeaderTableViewCell.swift in Sources */,
				843DBD6E2138262800390065 /* PADetailViewController.swift in Sources */,
				84752C9D20BC681600EE23FD /* MainViewController.swift in Sources */,
				8467445B213640EE002E6694 /* BillingSheet2ViewController.swift in Sources */,
				84D3927820BC303C00306D40 /* PatientForm2ViewController.swift in Sources */,
				84C758922155F4D9002C0AAB /* CircleImageView.swift in Sources */,
				84752CA320BD873900EE23FD /* HistoryViewController.swift in Sources */,
				843DBD6A21381CB800390065 /* PatientHistoryList2ViewController.swift in Sources */,
				843DBD822138CD0200390065 /* PatientScheduleTableViewCell.swift in Sources */,
				EC3C43D02152854A00D97163 /* MessageListTableViewCell.swift in Sources */,
				843DBD4A2137946900390065 /* YourAccountViewController.swift in Sources */,
				843DBD462137884300390065 /* HurtViewController.swift in Sources */,
				843DBD762138A61300390065 /* PatientScheduleViewController.swift in Sources */,
				843DBD562137D2B000390065 /* MessageDetailViewController.swift in Sources */,
				844C88D22136AAFB0061A076 /* CreateAccount2ViewController.swift in Sources */,
				843924052139985100F27D2C /* PatientHistoryList2TableViewCell.swift in Sources */,
				8467445F21364294002E6694 /* BillingSheet3ViewController.swift in Sources */,
				84752CAF20BD8F9A00EE23FD /* FoundTherapistViewController.swift in Sources */,
				ECD0F79B2152415B001A3969 /* CalendarExtension.swift in Sources */,
				843AA1FE2136ED140073760A /* PatientViewController.swift in Sources */,
				8467445721362F1A002E6694 /* BillingSheet1ViewController.swift in Sources */,
				ECD0F79621523391001A3969 /* SelectDateViewController.swift in Sources */,
				ECD0F78F215230B6001A3969 /* SelectTimeTableViewCell.swift in Sources */,
				84BFFDAE20B89A3700D70E9F /* AppDelegate.swift in Sources */,
			);
			runOnlyForDeploymentPostprocessing = 0;
		};
/* End PBXSourcesBuildPhase section */

/* Begin PBXVariantGroup section */
		84BFFDB620B89A3A00D70E9F /* LaunchScreen.storyboard */ = {
			isa = PBXVariantGroup;
			children = (
				84BFFDB720B89A3A00D70E9F /* Base */,
			);
			name = LaunchScreen.storyboard;
			sourceTree = "<group>";
		};
/* End PBXVariantGroup section */

/* Begin XCBuildConfiguration section */
		84BFFDBA20B89A3A00D70E9F /* Debug */ = {
			isa = XCBuildConfiguration;
			buildSettings = {
				ALWAYS_SEARCH_USER_PATHS = NO;
				CLANG_ANALYZER_NONNULL = YES;
				CLANG_ANALYZER_NUMBER_OBJECT_CONVERSION = YES_AGGRESSIVE;
				CLANG_CXX_LANGUAGE_STANDARD = "gnu++14";
				CLANG_CXX_LIBRARY = "libc++";
				CLANG_ENABLE_MODULES = YES;
				CLANG_ENABLE_OBJC_ARC = YES;
				CLANG_ENABLE_OBJC_WEAK = YES;
				CLANG_WARN_BLOCK_CAPTURE_AUTORELEASING = YES;
				CLANG_WARN_BOOL_CONVERSION = YES;
				CLANG_WARN_COMMA = YES;
				CLANG_WARN_CONSTANT_CONVERSION = YES;
				CLANG_WARN_DEPRECATED_OBJC_IMPLEMENTATIONS = YES;
				CLANG_WARN_DIRECT_OBJC_ISA_USAGE = YES_ERROR;
				CLANG_WARN_DOCUMENTATION_COMMENTS = YES;
				CLANG_WARN_EMPTY_BODY = YES;
				CLANG_WARN_ENUM_CONVERSION = YES;
				CLANG_WARN_INFINITE_RECURSION = YES;
				CLANG_WARN_INT_CONVERSION = YES;
				CLANG_WARN_NON_LITERAL_NULL_CONVERSION = YES;
				CLANG_WARN_OBJC_IMPLICIT_RETAIN_SELF = YES;
				CLANG_WARN_OBJC_LITERAL_CONVERSION = YES;
				CLANG_WARN_OBJC_ROOT_CLASS = YES_ERROR;
				CLANG_WARN_RANGE_LOOP_ANALYSIS = YES;
				CLANG_WARN_STRICT_PROTOTYPES = YES;
				CLANG_WARN_SUSPICIOUS_MOVE = YES;
				CLANG_WARN_UNGUARDED_AVAILABILITY = YES_AGGRESSIVE;
				CLANG_WARN_UNREACHABLE_CODE = YES;
				CLANG_WARN__DUPLICATE_METHOD_MATCH = YES;
				CODE_SIGN_IDENTITY = "iPhone Developer";
				COPY_PHASE_STRIP = NO;
				DEBUG_INFORMATION_FORMAT = dwarf;
				ENABLE_STRICT_OBJC_MSGSEND = YES;
				ENABLE_TESTABILITY = YES;
				GCC_C_LANGUAGE_STANDARD = gnu11;
				GCC_DYNAMIC_NO_PIC = NO;
				GCC_NO_COMMON_BLOCKS = YES;
				GCC_OPTIMIZATION_LEVEL = 0;
				GCC_PREPROCESSOR_DEFINITIONS = (
					"DEBUG=1",
					"$(inherited)",
				);
				GCC_WARN_64_TO_32_BIT_CONVERSION = YES;
				GCC_WARN_ABOUT_RETURN_TYPE = YES_ERROR;
				GCC_WARN_UNDECLARED_SELECTOR = YES;
				GCC_WARN_UNINITIALIZED_AUTOS = YES_AGGRESSIVE;
				GCC_WARN_UNUSED_FUNCTION = YES;
				GCC_WARN_UNUSED_VARIABLE = YES;
				IPHONEOS_DEPLOYMENT_TARGET = 11.3;
				MTL_ENABLE_DEBUG_INFO = YES;
				ONLY_ACTIVE_ARCH = YES;
				SDKROOT = iphoneos;
				SWIFT_ACTIVE_COMPILATION_CONDITIONS = DEBUG;
				SWIFT_OPTIMIZATION_LEVEL = "-Onone";
			};
			name = Debug;
		};
		84BFFDBB20B89A3A00D70E9F /* Release */ = {
			isa = XCBuildConfiguration;
			buildSettings = {
				ALWAYS_SEARCH_USER_PATHS = NO;
				CLANG_ANALYZER_NONNULL = YES;
				CLANG_ANALYZER_NUMBER_OBJECT_CONVERSION = YES_AGGRESSIVE;
				CLANG_CXX_LANGUAGE_STANDARD = "gnu++14";
				CLANG_CXX_LIBRARY = "libc++";
				CLANG_ENABLE_MODULES = YES;
				CLANG_ENABLE_OBJC_ARC = YES;
				CLANG_ENABLE_OBJC_WEAK = YES;
				CLANG_WARN_BLOCK_CAPTURE_AUTORELEASING = YES;
				CLANG_WARN_BOOL_CONVERSION = YES;
				CLANG_WARN_COMMA = YES;
				CLANG_WARN_CONSTANT_CONVERSION = YES;
				CLANG_WARN_DEPRECATED_OBJC_IMPLEMENTATIONS = YES;
				CLANG_WARN_DIRECT_OBJC_ISA_USAGE = YES_ERROR;
				CLANG_WARN_DOCUMENTATION_COMMENTS = YES;
				CLANG_WARN_EMPTY_BODY = YES;
				CLANG_WARN_ENUM_CONVERSION = YES;
				CLANG_WARN_INFINITE_RECURSION = YES;
				CLANG_WARN_INT_CONVERSION = YES;
				CLANG_WARN_NON_LITERAL_NULL_CONVERSION = YES;
				CLANG_WARN_OBJC_IMPLICIT_RETAIN_SELF = YES;
				CLANG_WARN_OBJC_LITERAL_CONVERSION = YES;
				CLANG_WARN_OBJC_ROOT_CLASS = YES_ERROR;
				CLANG_WARN_RANGE_LOOP_ANALYSIS = YES;
				CLANG_WARN_STRICT_PROTOTYPES = YES;
				CLANG_WARN_SUSPICIOUS_MOVE = YES;
				CLANG_WARN_UNGUARDED_AVAILABILITY = YES_AGGRESSIVE;
				CLANG_WARN_UNREACHABLE_CODE = YES;
				CLANG_WARN__DUPLICATE_METHOD_MATCH = YES;
				CODE_SIGN_IDENTITY = "iPhone Developer";
				COPY_PHASE_STRIP = NO;
				DEBUG_INFORMATION_FORMAT = "dwarf-with-dsym";
				ENABLE_NS_ASSERTIONS = NO;
				ENABLE_STRICT_OBJC_MSGSEND = YES;
				GCC_C_LANGUAGE_STANDARD = gnu11;
				GCC_NO_COMMON_BLOCKS = YES;
				GCC_WARN_64_TO_32_BIT_CONVERSION = YES;
				GCC_WARN_ABOUT_RETURN_TYPE = YES_ERROR;
				GCC_WARN_UNDECLARED_SELECTOR = YES;
				GCC_WARN_UNINITIALIZED_AUTOS = YES_AGGRESSIVE;
				GCC_WARN_UNUSED_FUNCTION = YES;
				GCC_WARN_UNUSED_VARIABLE = YES;
				IPHONEOS_DEPLOYMENT_TARGET = 11.3;
				MTL_ENABLE_DEBUG_INFO = NO;
				SDKROOT = iphoneos;
				SWIFT_COMPILATION_MODE = wholemodule;
				SWIFT_OPTIMIZATION_LEVEL = "-O";
				VALIDATE_PRODUCT = YES;
			};
			name = Release;
		};
		84BFFDBD20B89A3A00D70E9F /* Debug */ = {
			isa = XCBuildConfiguration;
			baseConfigurationReference = D720C7D7AEFD6F62EB2240E7 /* Pods-PACTGO.debug.xcconfig */;
			buildSettings = {
				ASSETCATALOG_COMPILER_APPICON_NAME = AppIcon;
				CODE_SIGN_STYLE = Automatic;
				DEVELOPMENT_TEAM = 5JZ562WR45;
				INFOPLIST_FILE = PACTGO/Info.plist;
				LD_RUNPATH_SEARCH_PATHS = (
					"$(inherited)",
					"@executable_path/Frameworks",
				);
				PRODUCT_BUNDLE_IDENTIFIER = com.pactgo.app.PACTGO;
				PRODUCT_NAME = "$(TARGET_NAME)";
				SWIFT_VERSION = 4.0;
				TARGETED_DEVICE_FAMILY = 1;
			};
			name = Debug;
		};
		84BFFDBE20B89A3A00D70E9F /* Release */ = {
			isa = XCBuildConfiguration;
			baseConfigurationReference = F70A69A3D387ED0FC49DA0C4 /* Pods-PACTGO.release.xcconfig */;
			buildSettings = {
				ASSETCATALOG_COMPILER_APPICON_NAME = AppIcon;
				CODE_SIGN_STYLE = Automatic;
				DEVELOPMENT_TEAM = 5JZ562WR45;
				INFOPLIST_FILE = PACTGO/Info.plist;
				LD_RUNPATH_SEARCH_PATHS = (
					"$(inherited)",
					"@executable_path/Frameworks",
				);
				PRODUCT_BUNDLE_IDENTIFIER = com.pactgo.app.PACTGO;
				PRODUCT_NAME = "$(TARGET_NAME)";
				SWIFT_VERSION = 4.0;
				TARGETED_DEVICE_FAMILY = 1;
			};
			name = Release;
		};
/* End XCBuildConfiguration section */

/* Begin XCConfigurationList section */
		84BFFDA520B89A3600D70E9F /* Build configuration list for PBXProject "PACTGO" */ = {
			isa = XCConfigurationList;
			buildConfigurations = (
				84BFFDBA20B89A3A00D70E9F /* Debug */,
				84BFFDBB20B89A3A00D70E9F /* Release */,
			);
			defaultConfigurationIsVisible = 0;
			defaultConfigurationName = Release;
		};
		84BFFDBC20B89A3A00D70E9F /* Build configuration list for PBXNativeTarget "PACTGO" */ = {
			isa = XCConfigurationList;
			buildConfigurations = (
				84BFFDBD20B89A3A00D70E9F /* Debug */,
				84BFFDBE20B89A3A00D70E9F /* Release */,
			);
			defaultConfigurationIsVisible = 0;
			defaultConfigurationName = Release;
		};
/* End XCConfigurationList section */
	};
	rootObject = 84BFFDA220B89A3600D70E9F /* Project object */;
}
